
Microsoft Visual Studio Solution File, Format Version 12.00
Project("{2150E333-8FDC-42A3-9474-1A3956D46DE8}") = "src", "src", "{29EF6C0F-B134-44E2-AC34-880B1EBB304B}"
EndProject
Project("{2150E333-8FDC-42A3-9474-1A3956D46DE8}") = "test", "test", "{1D78EE4C-84C3-4F7B-A15A-659ED712B70D}"
EndProject
Project("{2150E333-8FDC-42A3-9474-1A3956D46DE8}") = "API", "API", "{52E3BBE3-FF5F-4CAF-AA6A-1C666519197C}"
EndProject
Project("{2150E333-8FDC-42A3-9474-1A3956D46DE8}") = "Core", "Core", "{E9E02E54-EC23-4CCA-BFAC-A53D0AA8F582}"
EndProject
Project("{2150E333-8FDC-42A3-9474-1A3956D46DE8}") = "Infrastructure", "Infrastructure", "{C5186306-3149-4D37-BAB2-A6F8A78EDBC5}"
EndProject
Project("{2150E333-8FDC-42A3-9474-1A3956D46DE8}") = "UI", "UI", "{29F9965A-0748-4CC8-8D0E-BAB234DF4A22}"
EndProject
Project("{FAE04EC0-301F-11D3-BF4B-00C04F79EFBC}") = "ParkingRush.Domain", "ParkingRush.Domain\ParkingRush.Domain.csproj", "{924F0539-422C-458B-8078-5783C1A33553}"
EndProject
Project("{FAE04EC0-301F-11D3-BF4B-00C04F79EFBC}") = "ParkingRush.Application", "ParkingRush.Application\ParkingRush.Application.csproj", "{606CB1FB-3909-444B-A708-751600629CDE}"
EndProject
Global
	GlobalSection(SolutionConfigurationPlatforms) = preSolution
		Debug|Any CPU = Debug|Any CPU
		Release|Any CPU = Release|Any CPU
	EndGlobalSection
	GlobalSection(NestedProjects) = preSolution
		{52E3BBE3-FF5F-4CAF-AA6A-1C666519197C} = {29EF6C0F-B134-44E2-AC34-880B1EBB304B}
		{E9E02E54-EC23-4CCA-BFAC-A53D0AA8F582} = {29EF6C0F-B134-44E2-AC34-880B1EBB304B}
		{C5186306-3149-4D37-BAB2-A6F8A78EDBC5} = {29EF6C0F-B134-44E2-AC34-880B1EBB304B}
		{29F9965A-0748-4CC8-8D0E-BAB234DF4A22} = {29EF6C0F-B134-44E2-AC34-880B1EBB304B}
		{924F0539-422C-458B-8078-5783C1A33553} = {E9E02E54-EC23-4CCA-BFAC-A53D0AA8F582}
		{606CB1FB-3909-444B-A708-751600629CDE} = {E9E02E54-EC23-4CCA-BFAC-A53D0AA8F582}
	EndGlobalSection
	GlobalSection(ProjectConfigurationPlatforms) = postSolution
		{924F0539-422C-458B-8078-5783C1A33553}.Debug|Any CPU.ActiveCfg = Debug|Any CPU
		{924F0539-422C-458B-8078-5783C1A33553}.Debug|Any CPU.Build.0 = Debug|Any CPU
		{924F0539-422C-458B-8078-5783C1A33553}.Release|Any CPU.ActiveCfg = Release|Any CPU
		{924F0539-422C-458B-8078-5783C1A33553}.Release|Any CPU.Build.0 = Release|Any CPU
		{606CB1FB-3909-444B-A708-751600629CDE}.Debug|Any CPU.ActiveCfg = Debug|Any CPU
		{606CB1FB-3909-444B-A708-751600629CDE}.Debug|Any CPU.Build.0 = Debug|Any CPU
		{606CB1FB-3909-444B-A708-751600629CDE}.Release|Any CPU.ActiveCfg = Release|Any CPU
		{606CB1FB-3909-444B-A708-751600629CDE}.Release|Any CPU.Build.0 = Release|Any CPU
	EndGlobalSection
EndGlobal
